// !$*UTF8*$!
{
	archiveVersion = 1;
	classes = {
	};
	objectVersion = 56;
	objects = {

/* Begin PBXBuildFile section */
		C0C13C2C2C432B3800EA81BE /* MediTimerApp.swift in Sources */ = {isa = PBXBuildFile; fileRef = C0C13C2B2C432B3800EA81BE /* MediTimerApp.swift */; };
		C0C13C2E2C432B3800EA81BE /* ContentView.swift in Sources */ = {isa = PBXBuildFile; fileRef = C0C13C2D2C432B3800EA81BE /* ContentView.swift */; };
		C0C13C302C432B3A00EA81BE /* Assets.xcassets in Resources */ = {isa = PBXBuildFile; fileRef = C0C13C2F2C432B3A00EA81BE /* Assets.xcassets */; };
		C0C13C332C432B3A00EA81BE /* Preview Assets.xcassets in Resources */ = {isa = PBXBuildFile; fileRef = C0C13C322C432B3A00EA81BE /* Preview Assets.xcassets */; };
		C0C13C3D2C432B3A00EA81BE /* MediTimerTests.swift in Sources */ = {isa = PBXBuildFile; fileRef = C0C13C3C2C432B3A00EA81BE /* MediTimerTests.swift */; };
		C0C13C472C432B3A00EA81BE /* MediTimerUITests.swift in Sources */ = {isa = PBXBuildFile; fileRef = C0C13C462C432B3A00EA81BE /* MediTimerUITests.swift */; };
		C0C13C492C432B3A00EA81BE /* MediTimerUITestsLaunchTests.swift in Sources */ = {isa = PBXBuildFile; fileRef = C0C13C482C432B3A00EA81BE /* MediTimerUITestsLaunchTests.swift */; };
/* End PBXBuildFile section */

/* Begin PBXContainerItemProxy section */
		C0C13C392C432B3A00EA81BE /* PBXContainerItemProxy */ = {
			isa = PBXContainerItemProxy;
			containerPortal = C0C13C202C432B3800EA81BE /* Project object */;
			proxyType = 1;
			remoteGlobalIDString = C0C13C272C432B3800EA81BE;
			remoteInfo = MediTimer;
		};
		C0C13C432C432B3A00EA81BE /* PBXContainerItemProxy */ = {
			isa = PBXContainerItemProxy;
			containerPortal = C0C13C202C432B3800EA81BE /* Project object */;
			proxyType = 1;
			remoteGlobalIDString = C0C13C272C432B3800EA81BE;
			remoteInfo = MediTimer;
		};
/* End PBXContainerItemProxy section */

/* Begin PBXFileReference section */
		C0C13C282C432B3800EA81BE /* MediTimer.app */ = {isa = PBXFileReference; explicitFileType = wrapper.application; includeInIndex = 0; path = MediTimer.app; sourceTree = BUILT_PRODUCTS_DIR; };
		C0C13C2B2C432B3800EA81BE /* MediTimerApp.swift */ = {isa = PBXFileReference; lastKnownFileType = sourcecode.swift; path = MediTimerApp.swift; sourceTree = "<group>"; };
		C0C13C2D2C432B3800EA81BE /* ContentView.swift */ = {isa = PBXFileReference; lastKnownFileType = sourcecode.swift; path = ContentView.swift; sourceTree = "<group>"; };
		C0C13C2F2C432B3A00EA81BE /* Assets.xcassets */ = {isa = PBXFileReference; lastKnownFileType = folder.assetcatalog; path = Assets.xcassets; sourceTree = "<group>"; };
		C0C13C322C432B3A00EA81BE /* Preview Assets.xcassets */ = {isa = PBXFileReference; lastKnownFileType = folder.assetcatalog; path = "Preview Assets.xcassets"; sourceTree = "<group>"; };
		C0C13C382C432B3A00EA81BE /* MediTimerTests.xctest */ = {isa = PBXFileReference; explicitFileType = wrapper.cfbundle; includeInIndex = 0; path = MediTimerTests.xctest; sourceTree = BUILT_PRODUCTS_DIR; };
		C0C13C3C2C432B3A00EA81BE /* MediTimerTests.swift */ = {isa = PBXFileReference; lastKnownFileType = sourcecode.swift; path = MediTimerTests.swift; sourceTree = "<group>"; };
		C0C13C422C432B3A00EA81BE /* MediTimerUITests.xctest */ = {isa = PBXFileReference; explicitFileType = wrapper.cfbundle; includeInIndex = 0; path = MediTimerUITests.xctest; sourceTree = BUILT_PRODUCTS_DIR; };
		C0C13C462C432B3A00EA81BE /* MediTimerUITests.swift */ = {isa = PBXFileReference; lastKnownFileType = sourcecode.swift; path = MediTimerUITests.swift; sourceTree = "<group>"; };
		C0C13C482C432B3A00EA81BE /* MediTimerUITestsLaunchTests.swift */ = {isa = PBXFileReference; lastKnownFileType = sourcecode.swift; path = MediTimerUITestsLaunchTests.swift; sourceTree = "<group>"; };
/* End PBXFileReference section */

/* Begin PBXFrameworksBuildPhase section */
		C0C13C252C432B3800EA81BE /* Frameworks */ = {
			isa = PBXFrameworksBuildPhase;
			buildActionMask = 2147483647;
			files = (
			);
			runOnlyForDeploymentPostprocessing = 0;
		};
		C0C13C352C432B3A00EA81BE /* Frameworks */ = {
			isa = PBXFrameworksBuildPhase;
			buildActionMask = 2147483647;
			files = (
			);
			runOnlyForDeploymentPostprocessing = 0;
		};
		C0C13C3F2C432B3A00EA81BE /* Frameworks */ = {
			isa = PBXFrameworksBuildPhase;
			buildActionMask = 2147483647;
			files = (
			);
			runOnlyForDeploymentPostprocessing = 0;
		};
/* End PBXFrameworksBuildPhase section */

/* Begin PBXGroup section */
		C0C13C1F2C432B3800EA81BE = {
			isa = PBXGroup;
			children = (
				C0C13C2A2C432B3800EA81BE /* MediTimer */,
				C0C13C3B2C432B3A00EA81BE /* MediTimerTests */,
				C0C13C452C432B3A00EA81BE /* MediTimerUITests */,
				C0C13C292C432B3800EA81BE /* Products */,
			);
			sourceTree = "<group>";
		};
		C0C13C292C432B3800EA81BE /* Products */ = {
			isa = PBXGroup;
			children = (
				C0C13C282C432B3800EA81BE /* MediTimer.app */,
				C0C13C382C432B3A00EA81BE /* MediTimerTests.xctest */,
				C0C13C422C432B3A00EA81BE /* MediTimerUITests.xctest */,
			);
			name = Products;
			sourceTree = "<group>";
		};
		C0C13C2A2C432B3800EA81BE /* MediTimer */ = {
			isa = PBXGroup;
			children = (
				C0C13C2B2C432B3800EA81BE /* MediTimerApp.swift */,
				C0C13C2D2C432B3800EA81BE /* ContentView.swift */,
				C0C13C2F2C432B3A00EA81BE /* Assets.xcassets */,
				C0C13C312C432B3A00EA81BE /* Preview Content */,
			);
			path = MediTimer;
			sourceTree = "<group>";
		};
		C0C13C312C432B3A00EA81BE /* Preview Content */ = {
			isa = PBXGroup;
			children = (
				C0C13C322C432B3A00EA81BE /* Preview Assets.xcassets */,
			);
			path = "Preview Content";
			sourceTree = "<group>";
		};
		C0C13C3B2C432B3A00EA81BE /* MediTimerTests */ = {
			isa = PBXGroup;
			children = (
				C0C13C3C2C432B3A00EA81BE /* MediTimerTests.swift */,
			);
			path = MediTimerTests;
			sourceTree = "<group>";
		};
		C0C13C452C432B3A00EA81BE /* MediTimerUITests */ = {
			isa = PBXGroup;
			children = (
				C0C13C462C432B3A00EA81BE /* MediTimerUITests.swift */,
				C0C13C482C432B3A00EA81BE /* MediTimerUITestsLaunchTests.swift */,
			);
			path = MediTimerUITests;
			sourceTree = "<group>";
		};
/* End PBXGroup section */

/* Begin PBXNativeTarget section */
		C0C13C272C432B3800EA81BE /* MediTimer */ = {
			isa = PBXNativeTarget;
			buildConfigurationList = C0C13C4C2C432B3A00EA81BE /* Build configuration list for PBXNativeTarget "MediTimer" */;
			buildPhases = (
				C0C13C242C432B3800EA81BE /* Sources */,
				C0C13C252C432B3800EA81BE /* Frameworks */,
				C0C13C262C432B3800EA81BE /* Resources */,
			);
			buildRules = (
			);
			dependencies = (
			);
			name = MediTimer;
			productName = MediTimer;
			productReference = C0C13C282C432B3800EA81BE /* MediTimer.app */;
			productType = "com.apple.product-type.application";
		};
		C0C13C372C432B3A00EA81BE /* MediTimerTests */ = {
			isa = PBXNativeTarget;
			buildConfigurationList = C0C13C4F2C432B3A00EA81BE /* Build configuration list for PBXNativeTarget "MediTimerTests" */;
			buildPhases = (
				C0C13C342C432B3A00EA81BE /* Sources */,
				C0C13C352C432B3A00EA81BE /* Frameworks */,
				C0C13C362C432B3A00EA81BE /* Resources */,
			);
			buildRules = (
			);
			dependencies = (
				C0C13C3A2C432B3A00EA81BE /* PBXTargetDependency */,
			);
			name = MediTimerTests;
			productName = MediTimerTests;
			productReference = C0C13C382C432B3A00EA81BE /* MediTimerTests.xctest */;
			productType = "com.apple.product-type.bundle.unit-test";
		};
		C0C13C412C432B3A00EA81BE /* MediTimerUITests */ = {
			isa = PBXNativeTarget;
			buildConfigurationList = C0C13C522C432B3A00EA81BE /* Build configuration list for PBXNativeTarget "MediTimerUITests" */;
			buildPhases = (
				C0C13C3E2C432B3A00EA81BE /* Sources */,
				C0C13C3F2C432B3A00EA81BE /* Frameworks */,
				C0C13C402C432B3A00EA81BE /* Resources */,
			);
			buildRules = (
			);
			dependencies = (
				C0C13C442C432B3A00EA81BE /* PBXTargetDependency */,
			);
			name = MediTimerUITests;
			productName = MediTimerUITests;
			productReference = C0C13C422C432B3A00EA81BE /* MediTimerUITests.xctest */;
			productType = "com.apple.product-type.bundle.ui-testing";
		};
/* End PBXNativeTarget section */

/* Begin PBXProject section */
		C0C13C202C432B3800EA81BE /* Project object */ = {
			isa = PBXProject;
			attributes = {
				BuildIndependentTargetsInParallel = 1;
				LastSwiftUpdateCheck = 1540;
				LastUpgradeCheck = 1540;
				TargetAttributes = {
					C0C13C272C432B3800EA81BE = {
						CreatedOnToolsVersion = 15.4;
					};
					C0C13C372C432B3A00EA81BE = {
						CreatedOnToolsVersion = 15.4;
						TestTargetID = C0C13C272C432B3800EA81BE;
					};
					C0C13C412C432B3A00EA81BE = {
						CreatedOnToolsVersion = 15.4;
						TestTargetID = C0C13C272C432B3800EA81BE;
					};
				};
			};
			buildConfigurationList = C0C13C232C432B3800EA81BE /* Build configuration list for PBXProject "MediTimer" */;
			compatibilityVersion = "Xcode 14.0";
			developmentRegion = en;
			hasScannedForEncodings = 0;
			knownRegions = (
				en,
				Base,
			);
			mainGroup = C0C13C1F2C432B3800EA81BE;
			productRefGroup = C0C13C292C432B3800EA81BE /* Products */;
			projectDirPath = "";
			projectRoot = "";
			targets = (
				C0C13C272C432B3800EA81BE /* MediTimer */,
				C0C13C372C432B3A00EA81BE /* MediTimerTests */,
				C0C13C412C432B3A00EA81BE /* MediTimerUITests */,
			);
		};
/* End PBXProject section */

/* Begin PBXResourcesBuildPhase section */
		C0C13C262C432B3800EA81BE /* Resources */ = {
			isa = PBXResourcesBuildPhase;
			buildActionMask = 2147483647;
			files = (
				C0C13C332C432B3A00EA81BE /* Preview Assets.xcassets in Resources */,
				C0C13C302C432B3A00EA81BE /* Assets.xcassets in Resources */,
			);
			runOnlyForDeploymentPostprocessing = 0;
		};
		C0C13C362C432B3A00EA81BE /* Resources */ = {
			isa = PBXResourcesBuildPhase;
			buildActionMask = 2147483647;
			files = (
			);
			runOnlyForDeploymentPostprocessing = 0;
		};
		C0C13C402C432B3A00EA81BE /* Resources */ = {
			isa = PBXResourcesBuildPhase;
			buildActionMask = 2147483647;
			files = (
			);
			runOnlyForDeploymentPostprocessing = 0;
		};
/* End PBXResourcesBuildPhase section */

/* Begin PBXSourcesBuildPhase section */
		C0C13C242C432B3800EA81BE /* Sources */ = {
			isa = PBXSourcesBuildPhase;
			buildActionMask = 2147483647;
			files = (
				C0C13C2E2C432B3800EA81BE /* ContentView.swift in Sources */,
				C0C13C2C2C432B3800EA81BE /* MediTimerApp.swift in Sources */,
			);
			runOnlyForDeploymentPostprocessing = 0;
		};
		C0C13C342C432B3A00EA81BE /* Sources */ = {
			isa = PBXSourcesBuildPhase;
			buildActionMask = 2147483647;
			files = (
				C0C13C3D2C432B3A00EA81BE /* MediTimerTests.swift in Sources */,
			);
			runOnlyForDeploymentPostprocessing = 0;
		};
		C0C13C3E2C432B3A00EA81BE /* Sources */ = {
			isa = PBXSourcesBuildPhase;
			buildActionMask = 2147483647;
			files = (
				C0C13C472C432B3A00EA81BE /* MediTimerUITests.swift in Sources */,
				C0C13C492C432B3A00EA81BE /* MediTimerUITestsLaunchTests.swift in Sources */,
			);
			runOnlyForDeploymentPostprocessing = 0;
		};
/* End PBXSourcesBuildPhase section */

/* Begin PBXTargetDependency section */
		C0C13C3A2C432B3A00EA81BE /* PBXTargetDependency */ = {
			isa = PBXTargetDependency;
			target = C0C13C272C432B3800EA81BE /* MediTimer */;
			targetProxy = C0C13C392C432B3A00EA81BE /* PBXContainerItemProxy */;
		};
		C0C13C442C432B3A00EA81BE /* PBXTargetDependency */ = {
			isa = PBXTargetDependency;
			target = C0C13C272C432B3800EA81BE /* MediTimer */;
			targetProxy = C0C13C432C432B3A00EA81BE /* PBXContainerItemProxy */;
		};
/* End PBXTargetDependency section */

/* Begin XCBuildConfiguration section */
		C0C13C4A2C432B3A00EA81BE /* Debug */ = {
			isa = XCBuildConfiguration;
			buildSettings = {
				ALWAYS_SEARCH_USER_PATHS = NO;
				ASSETCATALOG_COMPILER_GENERATE_SWIFT_ASSET_SYMBOL_EXTENSIONS = YES;
				CLANG_ANALYZER_NONNULL = YES;
				CLANG_ANALYZER_NUMBER_OBJECT_CONVERSION = YES_AGGRESSIVE;
				CLANG_CXX_LANGUAGE_STANDARD = "gnu++20";
				CLANG_ENABLE_MODULES = YES;
				CLANG_ENABLE_OBJC_ARC = YES;
				CLANG_ENABLE_OBJC_WEAK = YES;
				CLANG_WARN_BLOCK_CAPTURE_AUTORELEASING = YES;
				CLANG_WARN_BOOL_CONVERSION = YES;
				CLANG_WARN_COMMA = YES;
				CLANG_WARN_CONSTANT_CONVERSION = YES;
				CLANG_WARN_DEPRECATED_OBJC_IMPLEMENTATIONS = YES;
				CLANG_WARN_DIRECT_OBJC_ISA_USAGE = YES_ERROR;
				CLANG_WARN_DOCUMENTATION_COMMENTS = YES;
				CLANG_WARN_EMPTY_BODY = YES;
				CLANG_WARN_ENUM_CONVERSION = YES;
				CLANG_WARN_INFINITE_RECURSION = YES;
				CLANG_WARN_INT_CONVERSION = YES;
				CLANG_WARN_NON_LITERAL_NULL_CONVERSION = YES;
				CLANG_WARN_OBJC_IMPLICIT_RETAIN_SELF = YES;
				CLANG_WARN_OBJC_LITERAL_CONVERSION = YES;
				CLANG_WARN_OBJC_ROOT_CLASS = YES_ERROR;
				CLANG_WARN_QUOTED_INCLUDE_IN_FRAMEWORK_HEADER = YES;
				CLANG_WARN_RANGE_LOOP_ANALYSIS = YES;
				CLANG_WARN_STRICT_PROTOTYPES = YES;
				CLANG_WARN_SUSPICIOUS_MOVE = YES;
				CLANG_WARN_UNGUARDED_AVAILABILITY = YES_AGGRESSIVE;
				CLANG_WARN_UNREACHABLE_CODE = YES;
				CLANG_WARN__DUPLICATE_METHOD_MATCH = YES;
				COPY_PHASE_STRIP = NO;
				DEBUG_INFORMATION_FORMAT = dwarf;
				ENABLE_STRICT_OBJC_MSGSEND = YES;
				ENABLE_TESTABILITY = YES;
				ENABLE_USER_SCRIPT_SANDBOXING = YES;
				GCC_C_LANGUAGE_STANDARD = gnu17;
				GCC_DYNAMIC_NO_PIC = NO;
				GCC_NO_COMMON_BLOCKS = YES;
				GCC_OPTIMIZATION_LEVEL = 0;
				GCC_PREPROCESSOR_DEFINITIONS = (
					"DEBUG=1",
					"$(inherited)",
				);
				GCC_WARN_64_TO_32_BIT_CONVERSION = YES;
				GCC_WARN_ABOUT_RETURN_TYPE = YES_ERROR;
				GCC_WARN_UNDECLARED_SELECTOR = YES;
				GCC_WARN_UNINITIALIZED_AUTOS = YES_AGGRESSIVE;
				GCC_WARN_UNUSED_FUNCTION = YES;
				GCC_WARN_UNUSED_VARIABLE = YES;
				IPHONEOS_DEPLOYMENT_TARGET = 17.5;
				LOCALIZATION_PREFERS_STRING_CATALOGS = YES;
				MTL_ENABLE_DEBUG_INFO = INCLUDE_SOURCE;
				MTL_FAST_MATH = YES;
				ONLY_ACTIVE_ARCH = YES;
				SDKROOT = iphoneos;
				SWIFT_ACTIVE_COMPILATION_CONDITIONS = "DEBUG $(inherited)";
				SWIFT_OPTIMIZATION_LEVEL = "-Onone";
			};
			name = Debug;
		};
		C0C13C4B2C432B3A00EA81BE /* Release */ = {
			isa = XCBuildConfiguration;
			buildSettings = {
				ALWAYS_SEARCH_USER_PATHS = NO;
				ASSETCATALOG_COMPILER_GENERATE_SWIFT_ASSET_SYMBOL_EXTENSIONS = YES;
				CLANG_ANALYZER_NONNULL = YES;
				CLANG_ANALYZER_NUMBER_OBJECT_CONVERSION = YES_AGGRESSIVE;
				CLANG_CXX_LANGUAGE_STANDARD = "gnu++20";
				CLANG_ENABLE_MODULES = YES;
				CLANG_ENABLE_OBJC_ARC = YES;
				CLANG_ENABLE_OBJC_WEAK = YES;
				CLANG_WARN_BLOCK_CAPTURE_AUTORELEASING = YES;
				CLANG_WARN_BOOL_CONVERSION = YES;
				CLANG_WARN_COMMA = YES;
				CLANG_WARN_CONSTANT_CONVERSION = YES;
				CLANG_WARN_DEPRECATED_OBJC_IMPLEMENTATIONS = YES;
				CLANG_WARN_DIRECT_OBJC_ISA_USAGE = YES_ERROR;
				CLANG_WARN_DOCUMENTATION_COMMENTS = YES;
				CLANG_WARN_EMPTY_BODY = YES;
				CLANG_WARN_ENUM_CONVERSION = YES;
				CLANG_WARN_INFINITE_RECURSION = YES;
				CLANG_WARN_INT_CONVERSION = YES;
				CLANG_WARN_NON_LITERAL_NULL_CONVERSION = YES;
				CLANG_WARN_OBJC_IMPLICIT_RETAIN_SELF = YES;
				CLANG_WARN_OBJC_LITERAL_CONVERSION = YES;
				CLANG_WARN_OBJC_ROOT_CLASS = YES_ERROR;
				CLANG_WARN_QUOTED_INCLUDE_IN_FRAMEWORK_HEADER = YES;
				CLANG_WARN_RANGE_LOOP_ANALYSIS = YES;
				CLANG_WARN_STRICT_PROTOTYPES = YES;
				CLANG_WARN_SUSPICIOUS_MOVE = YES;
				CLANG_WARN_UNGUARDED_AVAILABILITY = YES_AGGRESSIVE;
				CLANG_WARN_UNREACHABLE_CODE = YES;
				CLANG_WARN__DUPLICATE_METHOD_MATCH = YES;
				COPY_PHASE_STRIP = NO;
				DEBUG_INFORMATION_FORMAT = "dwarf-with-dsym";
				ENABLE_NS_ASSERTIONS = NO;
				ENABLE_STRICT_OBJC_MSGSEND = YES;
				ENABLE_USER_SCRIPT_SANDBOXING = YES;
				GCC_C_LANGUAGE_STANDARD = gnu17;
				GCC_NO_COMMON_BLOCKS = YES;
				GCC_WARN_64_TO_32_BIT_CONVERSION = YES;
				GCC_WARN_ABOUT_RETURN_TYPE = YES_ERROR;
				GCC_WARN_UNDECLARED_SELECTOR = YES;
				GCC_WARN_UNINITIALIZED_AUTOS = YES_AGGRESSIVE;
				GCC_WARN_UNUSED_FUNCTION = YES;
				GCC_WARN_UNUSED_VARIABLE = YES;
				IPHONEOS_DEPLOYMENT_TARGET = 17.5;
				LOCALIZATION_PREFERS_STRING_CATALOGS = YES;
				MTL_ENABLE_DEBUG_INFO = NO;
				MTL_FAST_MATH = YES;
				SDKROOT = iphoneos;
				SWIFT_COMPILATION_MODE = wholemodule;
				VALIDATE_PRODUCT = YES;
			};
			name = Release;
		};
		C0C13C4D2C432B3A00EA81BE /* Debug */ = {
			isa = XCBuildConfiguration;
			buildSettings = {
				ASSETCATALOG_COMPILER_APPICON_NAME = AppIcon;
				ASSETCATALOG_COMPILER_GLOBAL_ACCENT_COLOR_NAME = AccentColor;
				CODE_SIGN_STYLE = Automatic;
				CURRENT_PROJECT_VERSION = 1;
				DEVELOPMENT_ASSET_PATHS = "\"MediTimer/Preview Content\"";
				DEVELOPMENT_TEAM = 7T22L72K3P;
				ENABLE_PREVIEWS = YES;
				GENERATE_INFOPLIST_FILE = YES;
				INFOPLIST_KEY_UIApplicationSceneManifest_Generation = YES;
				INFOPLIST_KEY_UIApplicationSupportsIndirectInputEvents = YES;
				INFOPLIST_KEY_UILaunchScreen_Generation = YES;
				INFOPLIST_KEY_UISupportedInterfaceOrientations_iPad = "UIInterfaceOrientationPortrait UIInterfaceOrientationPortraitUpsideDown UIInterfaceOrientationLandscapeLeft UIInterfaceOrientationLandscapeRight";
				INFOPLIST_KEY_UISupportedInterfaceOrientations_iPhone = "UIInterfaceOrientationPortrait UIInterfaceOrientationLandscapeLeft UIInterfaceOrientationLandscapeRight";
				LD_RUNPATH_SEARCH_PATHS = (
					"$(inherited)",
					"@executable_path/Frameworks",
				);
				MARKETING_VERSION = 1.0;
				PRODUCT_BUNDLE_IDENTIFIER = vachkucodes.MediTimer;
				PRODUCT_NAME = "$(TARGET_NAME)";
				SWIFT_EMIT_LOC_STRINGS = YES;
				SWIFT_VERSION = 5.0;
				TARGETED_DEVICE_FAMILY = "1,2";
			};
			name = Debug;
		};
		C0C13C4E2C432B3A00EA81BE /* Release */ = {
			isa = XCBuildConfiguration;
			buildSettings = {
				ASSETCATALOG_COMPILER_APPICON_NAME = AppIcon;
				ASSETCATALOG_COMPILER_GLOBAL_ACCENT_COLOR_NAME = AccentColor;
				CODE_SIGN_STYLE = Automatic;
				CURRENT_PROJECT_VERSION = 1;
				DEVELOPMENT_ASSET_PATHS = "\"MediTimer/Preview Content\"";
				DEVELOPMENT_TEAM = 7T22L72K3P;
				ENABLE_PREVIEWS = YES;
				GENERATE_INFOPLIST_FILE = YES;
				INFOPLIST_KEY_UIApplicationSceneManifest_Generation = YES;
				INFOPLIST_KEY_UIApplicationSupportsIndirectInputEvents = YES;
				INFOPLIST_KEY_UILaunchScreen_Generation = YES;
				INFOPLIST_KEY_UISupportedInterfaceOrientations_iPad = "UIInterfaceOrientationPortrait UIInterfaceOrientationPortraitUpsideDown UIInterfaceOrientationLandscapeLeft UIInterfaceOrientationLandscapeRight";
				INFOPLIST_KEY_UISupportedInterfaceOrientations_iPhone = "UIInterfaceOrientationPortrait UIInterfaceOrientationLandscapeLeft UIInterfaceOrientationLandscapeRight";
				LD_RUNPATH_SEARCH_PATHS = (
					"$(inherited)",
					"@executable_path/Frameworks",
				);
				MARKETING_VERSION = 1.0;
				PRODUCT_BUNDLE_IDENTIFIER = vachkucodes.MediTimer;
				PRODUCT_NAME = "$(TARGET_NAME)";
				SWIFT_EMIT_LOC_STRINGS = YES;
				SWIFT_VERSION = 5.0;
				TARGETED_DEVICE_FAMILY = "1,2";
			};
			name = Release;
		};
		C0C13C502C432B3A00EA81BE /* Debug */ = {
			isa = XCBuildConfiguration;
			buildSettings = {
				ALWAYS_EMBED_SWIFT_STANDARD_LIBRARIES = YES;
				BUNDLE_LOADER = "$(TEST_HOST)";
				CODE_SIGN_STYLE = Automatic;
				CURRENT_PROJECT_VERSION = 1;
				DEVELOPMENT_TEAM = 7T22L72K3P;
				GENERATE_INFOPLIST_FILE = YES;
				IPHONEOS_DEPLOYMENT_TARGET = 17.5;
				MARKETING_VERSION = 1.0;
				PRODUCT_BUNDLE_IDENTIFIER = vachkucodes.MediTimerTests;
				PRODUCT_NAME = "$(TARGET_NAME)";
				SWIFT_EMIT_LOC_STRINGS = NO;
				SWIFT_VERSION = 5.0;
				TARGETED_DEVICE_FAMILY = "1,2";
				TEST_HOST = "$(BUILT_PRODUCTS_DIR)/MediTimer.app/$(BUNDLE_EXECUTABLE_FOLDER_PATH)/MediTimer";
			};
			name = Debug;
		};
		C0C13C512C432B3A00EA81BE /* Release */ = {
			isa = XCBuildConfiguration;
			buildSettings = {
				ALWAYS_EMBED_SWIFT_STANDARD_LIBRARIES = YES;
				BUNDLE_LOADER = "$(TEST_HOST)";
				CODE_SIGN_STYLE = Automatic;
				CURRENT_PROJECT_VERSION = 1;
				DEVELOPMENT_TEAM = 7T22L72K3P;
				GENERATE_INFOPLIST_FILE = YES;
				IPHONEOS_DEPLOYMENT_TARGET = 17.5;
				MARKETING_VERSION = 1.0;
				PRODUCT_BUNDLE_IDENTIFIER = vachkucodes.MediTimerTests;
				PRODUCT_NAME = "$(TARGET_NAME)";
				SWIFT_EMIT_LOC_STRINGS = NO;
				SWIFT_VERSION = 5.0;
				TARGETED_DEVICE_FAMILY = "1,2";
				TEST_HOST = "$(BUILT_PRODUCTS_DIR)/MediTimer.app/$(BUNDLE_EXECUTABLE_FOLDER_PATH)/MediTimer";
			};
			name = Release;
		};
		C0C13C532C432B3A00EA81BE /* Debug */ = {
			isa = XCBuildConfiguration;
			buildSettings = {
				ALWAYS_EMBED_SWIFT_STANDARD_LIBRARIES = YES;
				CODE_SIGN_STYLE = Automatic;
				CURRENT_PROJECT_VERSION = 1;
				DEVELOPMENT_TEAM = 7T22L72K3P;
				GENERATE_INFOPLIST_FILE = YES;
				MARKETING_VERSION = 1.0;
				PRODUCT_BUNDLE_IDENTIFIER = vachkucodes.MediTimerUITests;
				PRODUCT_NAME = "$(TARGET_NAME)";
				SWIFT_EMIT_LOC_STRINGS = NO;
				SWIFT_VERSION = 5.0;
				TARGETED_DEVICE_FAMILY = "1,2";
				TEST_TARGET_NAME = MediTimer;
			};
			name = Debug;
		};
		C0C13C542C432B3A00EA81BE /* Release */ = {
			isa = XCBuildConfiguration;
			buildSettings = {
				ALWAYS_EMBED_SWIFT_STANDARD_LIBRARIES = YES;
				CODE_SIGN_STYLE = Automatic;
				CURRENT_PROJECT_VERSION = 1;
				DEVELOPMENT_TEAM = 7T22L72K3P;
				GENERATE_INFOPLIST_FILE = YES;
				MARKETING_VERSION = 1.0;
				PRODUCT_BUNDLE_IDENTIFIER = vachkucodes.MediTimerUITests;
				PRODUCT_NAME = "$(TARGET_NAME)";
				SWIFT_EMIT_LOC_STRINGS = NO;
				SWIFT_VERSION = 5.0;
				TARGETED_DEVICE_FAMILY = "1,2";
				TEST_TARGET_NAME = MediTimer;
			};
			name = Release;
		};
/* End XCBuildConfiguration section */

/* Begin XCConfigurationList section */
		C0C13C232C432B3800EA81BE /* Build configuration list for PBXProject "MediTimer" */ = {
			isa = XCConfigurationList;
			buildConfigurations = (
				C0C13C4A2C432B3A00EA81BE /* Debug */,
				C0C13C4B2C432B3A00EA81BE /* Release */,
			);
			defaultConfigurationIsVisible = 0;
			defaultConfigurationName = Release;
		};
		C0C13C4C2C432B3A00EA81BE /* Build configuration list for PBXNativeTarget "MediTimer" */ = {
			isa = XCConfigurationList;
			buildConfigurations = (
				C0C13C4D2C432B3A00EA81BE /* Debug */,
				C0C13C4E2C432B3A00EA81BE /* Release */,
			);
			defaultConfigurationIsVisible = 0;
			defaultConfigurationName = Release;
		};
		C0C13C4F2C432B3A00EA81BE /* Build configuration list for PBXNativeTarget "MediTimerTests" */ = {
			isa = XCConfigurationList;
			buildConfigurations = (
				C0C13C502C432B3A00EA81BE /* Debug */,
				C0C13C512C432B3A00EA81BE /* Release */,
			);
			defaultConfigurationIsVisible = 0;
			defaultConfigurationName = Release;
		};
		C0C13C522C432B3A00EA81BE /* Build configuration list for PBXNativeTarget "MediTimerUITests" */ = {
			isa = XCConfigurationList;
			buildConfigurations = (
				C0C13C532C432B3A00EA81BE /* Debug */,
				C0C13C542C432B3A00EA81BE /* Release */,
			);
			defaultConfigurationIsVisible = 0;
			defaultConfigurationName = Release;
		};
/* End XCConfigurationList section */
	};
	rootObject = C0C13C202C432B3800EA81BE /* Project object */;
}
